// !$*UTF8*$!
{
	archiveVersion = 1;
	classes = {
	};
	objectVersion = 50;
	objects = {

/* Begin PBXBuildFile section */
		899EF42921BC568400F06E85 /* AppDelegate.swift in Sources */ = {isa = PBXBuildFile; fileRef = 899EF42821BC568400F06E85 /* AppDelegate.swift */; };
		899EF42B21BC568400F06E85 /* ViewController.swift in Sources */ = {isa = PBXBuildFile; fileRef = 899EF42A21BC568400F06E85 /* ViewController.swift */; };
		899EF42E21BC568400F06E85 /* Main.storyboard in Resources */ = {isa = PBXBuildFile; fileRef = 899EF42C21BC568400F06E85 /* Main.storyboard */; };
		899EF43021BC568600F06E85 /* Assets.xcassets in Resources */ = {isa = PBXBuildFile; fileRef = 899EF42F21BC568600F06E85 /* Assets.xcassets */; };
		899EF43321BC568600F06E85 /* LaunchScreen.storyboard in Resources */ = {isa = PBXBuildFile; fileRef = 899EF43121BC568600F06E85 /* LaunchScreen.storyboard */; };
		899EF43E21BC568600F06E85 /* AzurePipelinesSampleSwiftTests.swift in Sources */ = {isa = PBXBuildFile; fileRef = 899EF43D21BC568600F06E85 /* AzurePipelinesSampleSwiftTests.swift */; };
/* End PBXBuildFile section */

/* Begin PBXContainerItemProxy section */
		899EF43A21BC568600F06E85 /* PBXContainerItemProxy */ = {
			isa = PBXContainerItemProxy;
			containerPortal = 899EF41D21BC568400F06E85 /* Project object */;
			proxyType = 1;
			remoteGlobalIDString = 899EF42421BC568400F06E85;
			remoteInfo = AzurePipelinesSampleSwift;
		};
/* End PBXContainerItemProxy section */

/* Begin PBXFileReference section */
		899EF42521BC568400F06E85 /* AzurePipelinesSampleSwift.app */ = {isa = PBXFileReference; explicitFileType = wrapper.application; includeInIndex = 0; path = AzurePipelinesSampleSwift.app; sourceTree = BUILT_PRODUCTS_DIR; };
		899EF42821BC568400F06E85 /* AppDelegate.swift */ = {isa = PBXFileReference; lastKnownFileType = sourcecode.swift; path = AppDelegate.swift; sourceTree = "<group>"; };
		899EF42A21BC568400F06E85 /* ViewController.swift */ = {isa = PBXFileReference; lastKnownFileType = sourcecode.swift; path = ViewController.swift; sourceTree = "<group>"; };
		899EF42D21BC568400F06E85 /* Base */ = {isa = PBXFileReference; lastKnownFileType = file.storyboard; name = Base; path = Base.lproj/Main.storyboard; sourceTree = "<group>"; };
		899EF42F21BC568600F06E85 /* Assets.xcassets */ = {isa = PBXFileReference; lastKnownFileType = folder.assetcatalog; path = Assets.xcassets; sourceTree = "<group>"; };
		899EF43221BC568600F06E85 /* Base */ = {isa = PBXFileReference; lastKnownFileType = file.storyboard; name = Base; path = Base.lproj/LaunchScreen.storyboard; sourceTree = "<group>"; };
		899EF43421BC568600F06E85 /* Info.plist */ = {isa = PBXFileReference; lastKnownFileType = text.plist.xml; path = Info.plist; sourceTree = "<group>"; };
		899EF43921BC568600F06E85 /* AzurePipelinesSampleSwiftTests.xctest */ = {isa = PBXFileReference; explicitFileType = wrapper.cfbundle; includeInIndex = 0; path = AzurePipelinesSampleSwiftTests.xctest; sourceTree = BUILT_PRODUCTS_DIR; };
		899EF43D21BC568600F06E85 /* AzurePipelinesSampleSwiftTests.swift */ = {isa = PBXFileReference; lastKnownFileType = sourcecode.swift; path = AzurePipelinesSampleSwiftTests.swift; sourceTree = "<group>"; };
		899EF43F21BC568600F06E85 /* Info.plist */ = {isa = PBXFileReference; lastKnownFileType = text.plist.xml; path = Info.plist; sourceTree = "<group>"; };
/* End PBXFileReference section */

/* Begin PBXFrameworksBuildPhase section */
		899EF42221BC568400F06E85 /* Frameworks */ = {
			isa = PBXFrameworksBuildPhase;
			buildActionMask = 2147483647;
			files = (
			);
			runOnlyForDeploymentPostprocessing = 0;
		};
		899EF43621BC568600F06E85 /* Frameworks */ = {
			isa = PBXFrameworksBuildPhase;
			buildActionMask = 2147483647;
			files = (
			);
			runOnlyForDeploymentPostprocessing = 0;
		};
/* End PBXFrameworksBuildPhase section */

/* Begin PBXGroup section */
		899EF41C21BC568400F06E85 = {
			isa = PBXGroup;
			children = (
				899EF42721BC568400F06E85 /* AzurePipelinesSampleSwift */,
				899EF43C21BC568600F06E85 /* AzurePipelinesSampleSwiftTests */,
				899EF42621BC568400F06E85 /* Products */,
			);
			sourceTree = "<group>";
		};
		899EF42621BC568400F06E85 /* Products */ = {
			isa = PBXGroup;
			children = (
				899EF42521BC568400F06E85 /* AzurePipelinesSampleSwift.app */,
				899EF43921BC568600F06E85 /* AzurePipelinesSampleSwiftTests.xctest */,
			);
			name = Products;
			sourceTree = "<group>";
		};
		899EF42721BC568400F06E85 /* AzurePipelinesSampleSwift */ = {
			isa = PBXGroup;
			children = (
				899EF42821BC568400F06E85 /* AppDelegate.swift */,
				899EF42A21BC568400F06E85 /* ViewController.swift */,
				899EF42C21BC568400F06E85 /* Main.storyboard */,
				899EF42F21BC568600F06E85 /* Assets.xcassets */,
				899EF43121BC568600F06E85 /* LaunchScreen.storyboard */,
				899EF43421BC568600F06E85 /* Info.plist */,
			);
			path = AzurePipelinesSampleSwift;
			sourceTree = "<group>";
		};
		899EF43C21BC568600F06E85 /* AzurePipelinesSampleSwiftTests */ = {
			isa = PBXGroup;
			children = (
				899EF43D21BC568600F06E85 /* AzurePipelinesSampleSwiftTests.swift */,
				899EF43F21BC568600F06E85 /* Info.plist */,
			);
			path = AzurePipelinesSampleSwiftTests;
			sourceTree = "<group>";
		};
/* End PBXGroup section */

/* Begin PBXNativeTarget section */
		899EF42421BC568400F06E85 /* AzurePipelinesSampleSwift */ = {
			isa = PBXNativeTarget;
			buildConfigurationList = 899EF44221BC568600F06E85 /* Build configuration list for PBXNativeTarget "AzurePipelinesSampleSwift" */;
			buildPhases = (
				899EF42121BC568400F06E85 /* Sources */,
				899EF42221BC568400F06E85 /* Frameworks */,
				899EF42321BC568400F06E85 /* Resources */,
			);
			buildRules = (
			);
			dependencies = (
			);
			name = AzurePipelinesSampleSwift;
			productName = AzurePipelinesSampleSwift;
			productReference = 899EF42521BC568400F06E85 /* AzurePipelinesSampleSwift.app */;
			productType = "com.apple.product-type.application";
		};
		899EF43821BC568600F06E85 /* AzurePipelinesSampleSwiftTests */ = {
			isa = PBXNativeTarget;
			buildConfigurationList = 899EF44521BC568600F06E85 /* Build configuration list for PBXNativeTarget "AzurePipelinesSampleSwiftTests" */;
			buildPhases = (
				899EF43521BC568600F06E85 /* Sources */,
				899EF43621BC568600F06E85 /* Frameworks */,
				899EF43721BC568600F06E85 /* Resources */,
			);
			buildRules = (
			);
			dependencies = (
				899EF43B21BC568600F06E85 /* PBXTargetDependency */,
			);
			name = AzurePipelinesSampleSwiftTests;
			productName = AzurePipelinesSampleSwiftTests;
			productReference = 899EF43921BC568600F06E85 /* AzurePipelinesSampleSwiftTests.xctest */;
			productType = "com.apple.product-type.bundle.unit-test";
		};
/* End PBXNativeTarget section */

/* Begin PBXProject section */
		899EF41D21BC568400F06E85 /* Project object */ = {
			isa = PBXProject;
			attributes = {
				LastSwiftUpdateCheck = 1010;
				LastUpgradeCheck = 1010;
				ORGANIZATIONNAME = nakasho;
				TargetAttributes = {
					899EF42421BC568400F06E85 = {
						CreatedOnToolsVersion = 10.1;
					};
					899EF43821BC568600F06E85 = {
						CreatedOnToolsVersion = 10.1;
						TestTargetID = 899EF42421BC568400F06E85;
					};
				};
			};
			buildConfigurationList = 899EF42021BC568400F06E85 /* Build configuration list for PBXProject "AzurePipelinesSampleSwift" */;
			compatibilityVersion = "Xcode 9.3";
			developmentRegion = en;
			hasScannedForEncodings = 0;
			knownRegions = (
				en,
				Base,
			);
			mainGroup = 899EF41C21BC568400F06E85;
			productRefGroup = 899EF42621BC568400F06E85 /* Products */;
			projectDirPath = "";
			projectRoot = "";
			targets = (
				899EF42421BC568400F06E85 /* AzurePipelinesSampleSwift */,
				899EF43821BC568600F06E85 /* AzurePipelinesSampleSwiftTests */,
			);
		};
/* End PBXProject section */

/* Begin PBXResourcesBuildPhase section */
		899EF42321BC568400F06E85 /* Resources */ = {
			isa = PBXResourcesBuildPhase;
			buildActionMask = 2147483647;
			files = (
				899EF43321BC568600F06E85 /* LaunchScreen.storyboard in Resources */,
				899EF43021BC568600F06E85 /* Assets.xcassets in Resources */,
				899EF42E21BC568400F06E85 /* Main.storyboard in Resources */,
			);
			runOnlyForDeploymentPostprocessing = 0;
		};
		899EF43721BC568600F06E85 /* Resources */ = {
			isa = PBXResourcesBuildPhase;
			buildActionMask = 2147483647;
			files = (
			);
			runOnlyForDeploymentPostprocessing = 0;
		};
/* End PBXResourcesBuildPhase section */

/* Begin PBXSourcesBuildPhase section */
		899EF42121BC568400F06E85 /* Sources */ = {
			isa = PBXSourcesBuildPhase;
			buildActionMask = 2147483647;
			files = (
				899EF42B21BC568400F06E85 /* ViewController.swift in Sources */,
				899EF42921BC568400F06E85 /* AppDelegate.swift in Sources */,
			);
			runOnlyForDeploymentPostprocessing = 0;
		};
		899EF43521BC568600F06E85 /* Sources */ = {
			isa = PBXSourcesBuildPhase;
			buildActionMask = 2147483647;
			files = (
				899EF43E21BC568600F06E85 /* AzurePipelinesSampleSwiftTests.swift in Sources */,
			);
			runOnlyForDeploymentPostprocessing = 0;
		};
/* End PBXSourcesBuildPhase section */

/* Begin PBXTargetDependency section */
		899EF43B21BC568600F06E85 /* PBXTargetDependency */ = {
			isa = PBXTargetDependency;
			target = 899EF42421BC568400F06E85 /* AzurePipelinesSampleSwift */;
			targetProxy = 899EF43A21BC568600F06E85 /* PBXContainerItemProxy */;
		};
/* End PBXTargetDependency section */

/* Begin PBXVariantGroup section */
		899EF42C21BC568400F06E85 /* Main.storyboard */ = {
			isa = PBXVariantGroup;
			children = (
				899EF42D21BC568400F06E85 /* Base */,
			);
			name = Main.storyboard;
			sourceTree = "<group>";
		};
		899EF43121BC568600F06E85 /* LaunchScreen.storyboard */ = {
			isa = PBXVariantGroup;
			children = (
				899EF43221BC568600F06E85 /* Base */,
			);
			name = LaunchScreen.storyboard;
			sourceTree = "<group>";
		};
/* End PBXVariantGroup section */

/* Begin XCBuildConfiguration section */
		899EF44021BC568600F06E85 /* Debug */ = {
			isa = XCBuildConfiguration;
			buildSettings = {
				ALWAYS_SEARCH_USER_PATHS = NO;
				CLANG_ANALYZER_NONNULL = YES;
				CLANG_ANALYZER_NUMBER_OBJECT_CONVERSION = YES_AGGRESSIVE;
				CLANG_CXX_LANGUAGE_STANDARD = "gnu++14";
				CLANG_CXX_LIBRARY = "libc++";
				CLANG_ENABLE_MODULES = YES;
				CLANG_ENABLE_OBJC_ARC = YES;
				CLANG_ENABLE_OBJC_WEAK = YES;
				CLANG_WARN_BLOCK_CAPTURE_AUTORELEASING = YES;
				CLANG_WARN_BOOL_CONVERSION = YES;
				CLANG_WARN_COMMA = YES;
				CLANG_WARN_CONSTANT_CONVERSION = YES;
				CLANG_WARN_DEPRECATED_OBJC_IMPLEMENTATIONS = YES;
				CLANG_WARN_DIRECT_OBJC_ISA_USAGE = YES_ERROR;
				CLANG_WARN_DOCUMENTATION_COMMENTS = YES;
				CLANG_WARN_EMPTY_BODY = YES;
				CLANG_WARN_ENUM_CONVERSION = YES;
				CLANG_WARN_INFINITE_RECURSION = YES;
				CLANG_WARN_INT_CONVERSION = YES;
				CLANG_WARN_NON_LITERAL_NULL_CONVERSION = YES;
				CLANG_WARN_OBJC_IMPLICIT_RETAIN_SELF = YES;
				CLANG_WARN_OBJC_LITERAL_CONVERSION = YES;
				CLANG_WARN_OBJC_ROOT_CLASS = YES_ERROR;
				CLANG_WARN_RANGE_LOOP_ANALYSIS = YES;
				CLANG_WARN_STRICT_PROTOTYPES = YES;
				CLANG_WARN_SUSPICIOUS_MOVE = YES;
				CLANG_WARN_UNGUARDED_AVAILABILITY = YES_AGGRESSIVE;
				CLANG_WARN_UNREACHABLE_CODE = YES;
				CLANG_WARN__DUPLICATE_METHOD_MATCH = YES;
				CODE_SIGN_IDENTITY = "iPhone Developer";
				COPY_PHASE_STRIP = NO;
				DEBUG_INFORMATION_FORMAT = dwarf;
				ENABLE_STRICT_OBJC_MSGSEND = YES;
				ENABLE_TESTABILITY = YES;
				GCC_C_LANGUAGE_STANDARD = gnu11;
				GCC_DYNAMIC_NO_PIC = NO;
				GCC_NO_COMMON_BLOCKS = YES;
				GCC_OPTIMIZATION_LEVEL = 0;
				GCC_PREPROCESSOR_DEFINITIONS = (
					"DEBUG=1",
					"$(inherited)",
				);
				GCC_WARN_64_TO_32_BIT_CONVERSION = YES;
				GCC_WARN_ABOUT_RETURN_TYPE = YES_ERROR;
				GCC_WARN_UNDECLARED_SELECTOR = YES;
				GCC_WARN_UNINITIALIZED_AUTOS = YES_AGGRESSIVE;
				GCC_WARN_UNUSED_FUNCTION = YES;
				GCC_WARN_UNUSED_VARIABLE = YES;
				IPHONEOS_DEPLOYMENT_TARGET = 12.0;
				MTL_ENABLE_DEBUG_INFO = INCLUDE_SOURCE;
				MTL_FAST_MATH = YES;
				ONLY_ACTIVE_ARCH = YES;
				SDKROOT = iphoneos;
				SWIFT_ACTIVE_COMPILATION_CONDITIONS = DEBUG;
				SWIFT_OPTIMIZATION_LEVEL = "-Onone";
			};
			name = Debug;
		};
		899EF44121BC568600F06E85 /* Release */ = {
			isa = XCBuildConfiguration;
			buildSettings = {
				ALWAYS_SEARCH_USER_PATHS = NO;
				CLANG_ANALYZER_NONNULL = YES;
				CLANG_ANALYZER_NUMBER_OBJECT_CONVERSION = YES_AGGRESSIVE;
				CLANG_CXX_LANGUAGE_STANDARD = "gnu++14";
				CLANG_CXX_LIBRARY = "libc++";
				CLANG_ENABLE_MODULES = YES;
				CLANG_ENABLE_OBJC_ARC = YES;
				CLANG_ENABLE_OBJC_WEAK = YES;
				CLANG_WARN_BLOCK_CAPTURE_AUTORELEASING = YES;
				CLANG_WARN_BOOL_CONVERSION = YES;
				CLANG_WARN_COMMA = YES;
				CLANG_WARN_CONSTANT_CONVERSION = YES;
				CLANG_WARN_DEPRECATED_OBJC_IMPLEMENTATIONS = YES;
				CLANG_WARN_DIRECT_OBJC_ISA_USAGE = YES_ERROR;
				CLANG_WARN_DOCUMENTATION_COMMENTS = YES;
				CLANG_WARN_EMPTY_BODY = YES;
				CLANG_WARN_ENUM_CONVERSION = YES;
				CLANG_WARN_INFINITE_RECURSION = YES;
				CLANG_WARN_INT_CONVERSION = YES;
				CLANG_WARN_NON_LITERAL_NULL_CONVERSION = YES;
				CLANG_WARN_OBJC_IMPLICIT_RETAIN_SELF = YES;
				CLANG_WARN_OBJC_LITERAL_CONVERSION = YES;
				CLANG_WARN_OBJC_ROOT_CLASS = YES_ERROR;
				CLANG_WARN_RANGE_LOOP_ANALYSIS = YES;
				CLANG_WARN_STRICT_PROTOTYPES = YES;
				CLANG_WARN_SUSPICIOUS_MOVE = YES;
				CLANG_WARN_UNGUARDED_AVAILABILITY = YES_AGGRESSIVE;
				CLANG_WARN_UNREACHABLE_CODE = YES;
				CLANG_WARN__DUPLICATE_METHOD_MATCH = YES;
				CODE_SIGN_IDENTITY = "iPhone Developer";
				COPY_PHASE_STRIP = NO;
				DEBUG_INFORMATION_FORMAT = "dwarf-with-dsym";
				ENABLE_NS_ASSERTIONS = NO;
				ENABLE_STRICT_OBJC_MSGSEND = YES;
				GCC_C_LANGUAGE_STANDARD = gnu11;
				GCC_NO_COMMON_BLOCKS = YES;
				GCC_WARN_64_TO_32_BIT_CONVERSION = YES;
				GCC_WARN_ABOUT_RETURN_TYPE = YES_ERROR;
				GCC_WARN_UNDECLARED_SELECTOR = YES;
				GCC_WARN_UNINITIALIZED_AUTOS = YES_AGGRESSIVE;
				GCC_WARN_UNUSED_FUNCTION = YES;
				GCC_WARN_UNUSED_VARIABLE = YES;
				IPHONEOS_DEPLOYMENT_TARGET = 12.0;
				MTL_ENABLE_DEBUG_INFO = NO;
				MTL_FAST_MATH = YES;
				SDKROOT = iphoneos;
				SWIFT_COMPILATION_MODE = wholemodule;
				SWIFT_OPTIMIZATION_LEVEL = "-O";
				VALIDATE_PRODUCT = YES;
			};
			name = Release;
		};
		899EF44321BC568600F06E85 /* Debug */ = {
			isa = XCBuildConfiguration;
			buildSettings = {
				ASSETCATALOG_COMPILER_APPICON_NAME = AppIcon;
				CODE_SIGN_STYLE = Automatic;
				DEVELOPMENT_TEAM = 862947V3YT;
				INFOPLIST_FILE = AzurePipelinesSampleSwift/Info.plist;
				LD_RUNPATH_SEARCH_PATHS = (
					"$(inherited)",
					"@executable_path/Frameworks",
				);
				PRODUCT_BUNDLE_IDENTIFIER = org.ukky.nakasho.dev.pipelines.sample;
				PRODUCT_NAME = "$(TARGET_NAME)";
				SWIFT_VERSION = 4.2;
				TARGETED_DEVICE_FAMILY = "1,2";
			};
			name = Debug;
		};
		899EF44421BC568600F06E85 /* Release */ = {
			isa = XCBuildConfiguration;
			buildSettings = {
				ASSETCATALOG_COMPILER_APPICON_NAME = AppIcon;
				CODE_SIGN_STYLE = Automatic;
				DEVELOPMENT_TEAM = 862947V3YT;
				INFOPLIST_FILE = AzurePipelinesSampleSwift/Info.plist;
				LD_RUNPATH_SEARCH_PATHS = (
					"$(inherited)",
					"@executable_path/Frameworks",
				);
				PRODUCT_BUNDLE_IDENTIFIER = org.ukky.nakasho.dev.pipelines.sample;
				PRODUCT_NAME = "$(TARGET_NAME)";
				SWIFT_VERSION = 4.2;
				TARGETED_DEVICE_FAMILY = "1,2";
			};
			name = Release;
		};
		899EF44621BC568600F06E85 /* Debug */ = {
			isa = XCBuildConfiguration;
			buildSettings = {
				ALWAYS_EMBED_SWIFT_STANDARD_LIBRARIES = YES;
				BUNDLE_LOADER = "$(TEST_HOST)";
				CODE_SIGN_STYLE = Automatic;
				DEVELOPMENT_TEAM = 862947V3YT;
				INFOPLIST_FILE = AzurePipelinesSampleSwiftTests/Info.plist;
				LD_RUNPATH_SEARCH_PATHS = (
					"$(inherited)",
					"@executable_path/Frameworks",
					"@loader_path/Frameworks",
				);
				PRODUCT_BUNDLE_IDENTIFIER = org.ukky.nakasho.dev.pipelines.sample.AzurePipelinesSampleSwiftTests;
				PRODUCT_NAME = "$(TARGET_NAME)";
				SWIFT_VERSION = 4.2;
				TARGETED_DEVICE_FAMILY = "1,2";
				TEST_HOST = "$(BUILT_PRODUCTS_DIR)/AzurePipelinesSampleSwift.app/AzurePipelinesSampleSwift";
			};
			name = Debug;
		};
		899EF44721BC568600F06E85 /* Release */ = {
			isa = XCBuildConfiguration;
			buildSettings = {
				ALWAYS_EMBED_SWIFT_STANDARD_LIBRARIES = YES;
				BUNDLE_LOADER = "$(TEST_HOST)";
				CODE_SIGN_STYLE = Automatic;
				DEVELOPMENT_TEAM = 862947V3YT;
				INFOPLIST_FILE = AzurePipelinesSampleSwiftTests/Info.plist;
				LD_RUNPATH_SEARCH_PATHS = (
					"$(inherited)",
					"@executable_path/Frameworks",
					"@loader_path/Frameworks",
				);
				PRODUCT_BUNDLE_IDENTIFIER = org.ukky.nakasho.dev.pipelines.sample.AzurePipelinesSampleSwiftTests;
				PRODUCT_NAME = "$(TARGET_NAME)";
				SWIFT_VERSION = 4.2;
				TARGETED_DEVICE_FAMILY = "1,2";
				TEST_HOST = "$(BUILT_PRODUCTS_DIR)/AzurePipelinesSampleSwift.app/AzurePipelinesSampleSwift";
			};
			name = Release;
		};
/* End XCBuildConfiguration section */

/* Begin XCConfigurationList section */
		899EF42021BC568400F06E85 /* Build configuration list for PBXProject "AzurePipelinesSampleSwift" */ = {
			isa = XCConfigurationList;
			buildConfigurations = (
				899EF44021BC568600F06E85 /* Debug */,
				899EF44121BC568600F06E85 /* Release */,
			);
			defaultConfigurationIsVisible = 0;
			defaultConfigurationName = Release;
		};
		899EF44221BC568600F06E85 /* Build configuration list for PBXNativeTarget "AzurePipelinesSampleSwift" */ = {
			isa = XCConfigurationList;
			buildConfigurations = (
				899EF44321BC568600F06E85 /* Debug */,
				899EF44421BC568600F06E85 /* Release */,
			);
			defaultConfigurationIsVisible = 0;
			defaultConfigurationName = Release;
		};
		899EF44521BC568600F06E85 /* Build configuration list for PBXNativeTarget "AzurePipelinesSampleSwiftTests" */ = {
			isa = XCConfigurationList;
			buildConfigurations = (
				899EF44621BC568600F06E85 /* Debug */,
				899EF44721BC568600F06E85 /* Release */,
			);
			defaultConfigurationIsVisible = 0;
			defaultConfigurationName = Release;
		};
/* End XCConfigurationList section */
	};
	rootObject = 899EF41D21BC568400F06E85 /* Project object */;
}
